// !$*UTF8*$!
{
	archiveVersion = 1;
	classes = {
	};
	objectVersion = 50;
	objects = {

/* Begin PBXBuildFile section */
		56B6C3D8257E8E2C0078F205 /* ChecklistItemManager.swift in Sources */ = {isa = PBXBuildFile; fileRef = 56B6C3D7257E8E2C0078F205 /* ChecklistItemManager.swift */; };
		56B6C3EF257EAD7A0078F205 /* MembersView.swift in Sources */ = {isa = PBXBuildFile; fileRef = 56B6C3EE257EAD7A0078F205 /* MembersView.swift */; };
		56B6C3FA25811F900078F205 /* AddItemSheetView.swift in Sources */ = {isa = PBXBuildFile; fileRef = 56B6C3F925811F900078F205 /* AddItemSheetView.swift */; };
		56CC6AF6257E6BF50000E125 /* AppDelegate.swift in Sources */ = {isa = PBXBuildFile; fileRef = 56CC6AF5257E6BF50000E125 /* AppDelegate.swift */; };
		56CC6AF8257E6BF50000E125 /* SceneDelegate.swift in Sources */ = {isa = PBXBuildFile; fileRef = 56CC6AF7257E6BF50000E125 /* SceneDelegate.swift */; };
		56CC6AFA257E6BF50000E125 /* ContentView.swift in Sources */ = {isa = PBXBuildFile; fileRef = 56CC6AF9257E6BF50000E125 /* ContentView.swift */; };
		56CC6AFC257E6BF70000E125 /* Assets.xcassets in Resources */ = {isa = PBXBuildFile; fileRef = 56CC6AFB257E6BF70000E125 /* Assets.xcassets */; };
		56CC6AFF257E6BF70000E125 /* Preview Assets.xcassets in Resources */ = {isa = PBXBuildFile; fileRef = 56CC6AFE257E6BF70000E125 /* Preview Assets.xcassets */; };
		56CC6B02257E6BF70000E125 /* LaunchScreen.storyboard in Resources */ = {isa = PBXBuildFile; fileRef = 56CC6B00257E6BF70000E125 /* LaunchScreen.storyboard */; };
		56CC6B0D257E6BF70000E125 /* BandManagerTests.swift in Sources */ = {isa = PBXBuildFile; fileRef = 56CC6B0C257E6BF70000E125 /* BandManagerTests.swift */; };
		56CC6B18257E6BF70000E125 /* BandManagerUITests.swift in Sources */ = {isa = PBXBuildFile; fileRef = 56CC6B17257E6BF70000E125 /* BandManagerUITests.swift */; };
		56CC6B31257E6CE10000E125 /* ChecklistView.swift in Sources */ = {isa = PBXBuildFile; fileRef = 56CC6B30257E6CE10000E125 /* ChecklistView.swift */; };
		56CC6B36257E6DA80000E125 /* HomeView.swift in Sources */ = {isa = PBXBuildFile; fileRef = 56CC6B35257E6DA80000E125 /* HomeView.swift */; };
		56CC6B3B257E6E1A0000E125 /* ExpensesView.swift in Sources */ = {isa = PBXBuildFile; fileRef = 56CC6B3A257E6E1A0000E125 /* ExpensesView.swift */; };
		56CC6B41257E6F250000E125 /* ChecklistItem.swift in Sources */ = {isa = PBXBuildFile; fileRef = 56CC6B40257E6F250000E125 /* ChecklistItem.swift */; };
/* End PBXBuildFile section */

/* Begin PBXContainerItemProxy section */
		56CC6B09257E6BF70000E125 /* PBXContainerItemProxy */ = {
			isa = PBXContainerItemProxy;
			containerPortal = 56CC6AEA257E6BF50000E125 /* Project object */;
			proxyType = 1;
			remoteGlobalIDString = 56CC6AF1257E6BF50000E125;
			remoteInfo = BandManager;
		};
		56CC6B14257E6BF70000E125 /* PBXContainerItemProxy */ = {
			isa = PBXContainerItemProxy;
			containerPortal = 56CC6AEA257E6BF50000E125 /* Project object */;
			proxyType = 1;
			remoteGlobalIDString = 56CC6AF1257E6BF50000E125;
			remoteInfo = BandManager;
		};
/* End PBXContainerItemProxy section */

/* Begin PBXFileReference section */
		56B6C3D7257E8E2C0078F205 /* ChecklistItemManager.swift */ = {isa = PBXFileReference; lastKnownFileType = sourcecode.swift; path = ChecklistItemManager.swift; sourceTree = "<group>"; };
		56B6C3EE257EAD7A0078F205 /* MembersView.swift */ = {isa = PBXFileReference; lastKnownFileType = sourcecode.swift; path = MembersView.swift; sourceTree = "<group>"; };
		56B6C3F925811F900078F205 /* AddItemSheetView.swift */ = {isa = PBXFileReference; lastKnownFileType = sourcecode.swift; path = AddItemSheetView.swift; sourceTree = "<group>"; };
		56CC6AF2257E6BF50000E125 /* BandManager.app */ = {isa = PBXFileReference; explicitFileType = wrapper.application; includeInIndex = 0; path = BandManager.app; sourceTree = BUILT_PRODUCTS_DIR; };
		56CC6AF5257E6BF50000E125 /* AppDelegate.swift */ = {isa = PBXFileReference; lastKnownFileType = sourcecode.swift; path = AppDelegate.swift; sourceTree = "<group>"; };
		56CC6AF7257E6BF50000E125 /* SceneDelegate.swift */ = {isa = PBXFileReference; lastKnownFileType = sourcecode.swift; path = SceneDelegate.swift; sourceTree = "<group>"; };
		56CC6AF9257E6BF50000E125 /* ContentView.swift */ = {isa = PBXFileReference; lastKnownFileType = sourcecode.swift; path = ContentView.swift; sourceTree = "<group>"; };
		56CC6AFB257E6BF70000E125 /* Assets.xcassets */ = {isa = PBXFileReference; lastKnownFileType = folder.assetcatalog; path = Assets.xcassets; sourceTree = "<group>"; };
		56CC6AFE257E6BF70000E125 /* Preview Assets.xcassets */ = {isa = PBXFileReference; lastKnownFileType = folder.assetcatalog; path = "Preview Assets.xcassets"; sourceTree = "<group>"; };
		56CC6B01257E6BF70000E125 /* Base */ = {isa = PBXFileReference; lastKnownFileType = file.storyboard; name = Base; path = Base.lproj/LaunchScreen.storyboard; sourceTree = "<group>"; };
		56CC6B03257E6BF70000E125 /* Info.plist */ = {isa = PBXFileReference; lastKnownFileType = text.plist.xml; path = Info.plist; sourceTree = "<group>"; };
		56CC6B08257E6BF70000E125 /* BandManagerTests.xctest */ = {isa = PBXFileReference; explicitFileType = wrapper.cfbundle; includeInIndex = 0; path = BandManagerTests.xctest; sourceTree = BUILT_PRODUCTS_DIR; };
		56CC6B0C257E6BF70000E125 /* BandManagerTests.swift */ = {isa = PBXFileReference; lastKnownFileType = sourcecode.swift; path = BandManagerTests.swift; sourceTree = "<group>"; };
		56CC6B0E257E6BF70000E125 /* Info.plist */ = {isa = PBXFileReference; lastKnownFileType = text.plist.xml; path = Info.plist; sourceTree = "<group>"; };
		56CC6B13257E6BF70000E125 /* BandManagerUITests.xctest */ = {isa = PBXFileReference; explicitFileType = wrapper.cfbundle; includeInIndex = 0; path = BandManagerUITests.xctest; sourceTree = BUILT_PRODUCTS_DIR; };
		56CC6B17257E6BF70000E125 /* BandManagerUITests.swift */ = {isa = PBXFileReference; lastKnownFileType = sourcecode.swift; path = BandManagerUITests.swift; sourceTree = "<group>"; };
		56CC6B19257E6BF70000E125 /* Info.plist */ = {isa = PBXFileReference; lastKnownFileType = text.plist.xml; path = Info.plist; sourceTree = "<group>"; };
		56CC6B30257E6CE10000E125 /* ChecklistView.swift */ = {isa = PBXFileReference; lastKnownFileType = sourcecode.swift; path = ChecklistView.swift; sourceTree = "<group>"; };
		56CC6B35257E6DA80000E125 /* HomeView.swift */ = {isa = PBXFileReference; lastKnownFileType = sourcecode.swift; path = HomeView.swift; sourceTree = "<group>"; };
		56CC6B3A257E6E1A0000E125 /* ExpensesView.swift */ = {isa = PBXFileReference; lastKnownFileType = sourcecode.swift; path = ExpensesView.swift; sourceTree = "<group>"; };
		56CC6B40257E6F250000E125 /* ChecklistItem.swift */ = {isa = PBXFileReference; lastKnownFileType = sourcecode.swift; path = ChecklistItem.swift; sourceTree = "<group>"; };
/* End PBXFileReference section */

/* Begin PBXFrameworksBuildPhase section */
		56CC6AEF257E6BF50000E125 /* Frameworks */ = {
			isa = PBXFrameworksBuildPhase;
			buildActionMask = 2147483647;
			files = (
			);
			runOnlyForDeploymentPostprocessing = 0;
		};
		56CC6B05257E6BF70000E125 /* Frameworks */ = {
			isa = PBXFrameworksBuildPhase;
			buildActionMask = 2147483647;
			files = (
			);
			runOnlyForDeploymentPostprocessing = 0;
		};
		56CC6B10257E6BF70000E125 /* Frameworks */ = {
			isa = PBXFrameworksBuildPhase;
			buildActionMask = 2147483647;
			files = (
			);
			runOnlyForDeploymentPostprocessing = 0;
		};
/* End PBXFrameworksBuildPhase section */

/* Begin PBXGroup section */
		56CC6AE9257E6BF50000E125 = {
			isa = PBXGroup;
			children = (
				56CC6AF4257E6BF50000E125 /* BandManager */,
				56CC6B0B257E6BF70000E125 /* BandManagerTests */,
				56CC6B16257E6BF70000E125 /* BandManagerUITests */,
				56CC6AF3257E6BF50000E125 /* Products */,
			);
			sourceTree = "<group>";
		};
		56CC6AF3257E6BF50000E125 /* Products */ = {
			isa = PBXGroup;
			children = (
				56CC6AF2257E6BF50000E125 /* BandManager.app */,
				56CC6B08257E6BF70000E125 /* BandManagerTests.xctest */,
				56CC6B13257E6BF70000E125 /* BandManagerUITests.xctest */,
			);
			name = Products;
			sourceTree = "<group>";
		};
		56CC6AF4257E6BF50000E125 /* BandManager */ = {
			isa = PBXGroup;
			children = (
				56CC6B3F257E6EF80000E125 /* Views */,
				56CC6AF5257E6BF50000E125 /* AppDelegate.swift */,
				56CC6AF7257E6BF50000E125 /* SceneDelegate.swift */,
				56CC6B40257E6F250000E125 /* ChecklistItem.swift */,
				56CC6AFB257E6BF70000E125 /* Assets.xcassets */,
				56CC6B00257E6BF70000E125 /* LaunchScreen.storyboard */,
				56CC6B03257E6BF70000E125 /* Info.plist */,
				56CC6AFD257E6BF70000E125 /* Preview Content */,
				56B6C3D7257E8E2C0078F205 /* ChecklistItemManager.swift */,
				56B6C3F925811F900078F205 /* AddItemSheetView.swift */,
			);
			path = BandManager;
			sourceTree = "<group>";
		};
		56CC6AFD257E6BF70000E125 /* Preview Content */ = {
			isa = PBXGroup;
			children = (
				56CC6AFE257E6BF70000E125 /* Preview Assets.xcassets */,
			);
			path = "Preview Content";
			sourceTree = "<group>";
		};
		56CC6B0B257E6BF70000E125 /* BandManagerTests */ = {
			isa = PBXGroup;
			children = (
				56CC6B0C257E6BF70000E125 /* BandManagerTests.swift */,
				56CC6B0E257E6BF70000E125 /* Info.plist */,
			);
			path = BandManagerTests;
			sourceTree = "<group>";
		};
		56CC6B16257E6BF70000E125 /* BandManagerUITests */ = {
			isa = PBXGroup;
			children = (
				56CC6B17257E6BF70000E125 /* BandManagerUITests.swift */,
				56CC6B19257E6BF70000E125 /* Info.plist */,
			);
			path = BandManagerUITests;
			sourceTree = "<group>";
		};
		56CC6B3F257E6EF80000E125 /* Views */ = {
			isa = PBXGroup;
			children = (
				56CC6AF9257E6BF50000E125 /* ContentView.swift */,
				56CC6B3A257E6E1A0000E125 /* ExpensesView.swift */,
				56CC6B35257E6DA80000E125 /* HomeView.swift */,
				56CC6B30257E6CE10000E125 /* ChecklistView.swift */,
				56B6C3EE257EAD7A0078F205 /* MembersView.swift */,
			);
			path = Views;
			sourceTree = "<group>";
		};
/* End PBXGroup section */

/* Begin PBXNativeTarget section */
		56CC6AF1257E6BF50000E125 /* BandManager */ = {
			isa = PBXNativeTarget;
			buildConfigurationList = 56CC6B1C257E6BF70000E125 /* Build configuration list for PBXNativeTarget "BandManager" */;
			buildPhases = (
				56CC6AEE257E6BF50000E125 /* Sources */,
				56CC6AEF257E6BF50000E125 /* Frameworks */,
				56CC6AF0257E6BF50000E125 /* Resources */,
			);
			buildRules = (
			);
			dependencies = (
			);
			name = BandManager;
			productName = BandManager;
			productReference = 56CC6AF2257E6BF50000E125 /* BandManager.app */;
			productType = "com.apple.product-type.application";
		};
		56CC6B07257E6BF70000E125 /* BandManagerTests */ = {
			isa = PBXNativeTarget;
			buildConfigurationList = 56CC6B1F257E6BF70000E125 /* Build configuration list for PBXNativeTarget "BandManagerTests" */;
			buildPhases = (
				56CC6B04257E6BF70000E125 /* Sources */,
				56CC6B05257E6BF70000E125 /* Frameworks */,
				56CC6B06257E6BF70000E125 /* Resources */,
			);
			buildRules = (
			);
			dependencies = (
				56CC6B0A257E6BF70000E125 /* PBXTargetDependency */,
			);
			name = BandManagerTests;
			productName = BandManagerTests;
			productReference = 56CC6B08257E6BF70000E125 /* BandManagerTests.xctest */;
			productType = "com.apple.product-type.bundle.unit-test";
		};
		56CC6B12257E6BF70000E125 /* BandManagerUITests */ = {
			isa = PBXNativeTarget;
			buildConfigurationList = 56CC6B22257E6BF70000E125 /* Build configuration list for PBXNativeTarget "BandManagerUITests" */;
			buildPhases = (
				56CC6B0F257E6BF70000E125 /* Sources */,
				56CC6B10257E6BF70000E125 /* Frameworks */,
				56CC6B11257E6BF70000E125 /* Resources */,
			);
			buildRules = (
			);
			dependencies = (
				56CC6B15257E6BF70000E125 /* PBXTargetDependency */,
			);
			name = BandManagerUITests;
			productName = BandManagerUITests;
			productReference = 56CC6B13257E6BF70000E125 /* BandManagerUITests.xctest */;
			productType = "com.apple.product-type.bundle.ui-testing";
		};
/* End PBXNativeTarget section */

/* Begin PBXProject section */
		56CC6AEA257E6BF50000E125 /* Project object */ = {
			isa = PBXProject;
			attributes = {
				LastSwiftUpdateCheck = 1210;
				LastUpgradeCheck = 1210;
				TargetAttributes = {
					56CC6AF1257E6BF50000E125 = {
						CreatedOnToolsVersion = 12.1;
					};
					56CC6B07257E6BF70000E125 = {
						CreatedOnToolsVersion = 12.1;
						TestTargetID = 56CC6AF1257E6BF50000E125;
					};
					56CC6B12257E6BF70000E125 = {
						CreatedOnToolsVersion = 12.1;
						TestTargetID = 56CC6AF1257E6BF50000E125;
					};
				};
			};
			buildConfigurationList = 56CC6AED257E6BF50000E125 /* Build configuration list for PBXProject "BandManager" */;
			compatibilityVersion = "Xcode 9.3";
			developmentRegion = en;
			hasScannedForEncodings = 0;
			knownRegions = (
				en,
				Base,
			);
			mainGroup = 56CC6AE9257E6BF50000E125;
			productRefGroup = 56CC6AF3257E6BF50000E125 /* Products */;
			projectDirPath = "";
			projectRoot = "";
			targets = (
				56CC6AF1257E6BF50000E125 /* BandManager */,
				56CC6B07257E6BF70000E125 /* BandManagerTests */,
				56CC6B12257E6BF70000E125 /* BandManagerUITests */,
			);
		};
/* End PBXProject section */

/* Begin PBXResourcesBuildPhase section */
		56CC6AF0257E6BF50000E125 /* Resources */ = {
			isa = PBXResourcesBuildPhase;
			buildActionMask = 2147483647;
			files = (
				56CC6B02257E6BF70000E125 /* LaunchScreen.storyboard in Resources */,
				56CC6AFF257E6BF70000E125 /* Preview Assets.xcassets in Resources */,
				56CC6AFC257E6BF70000E125 /* Assets.xcassets in Resources */,
			);
			runOnlyForDeploymentPostprocessing = 0;
		};
		56CC6B06257E6BF70000E125 /* Resources */ = {
			isa = PBXResourcesBuildPhase;
			buildActionMask = 2147483647;
			files = (
			);
			runOnlyForDeploymentPostprocessing = 0;
		};
		56CC6B11257E6BF70000E125 /* Resources */ = {
			isa = PBXResourcesBuildPhase;
			buildActionMask = 2147483647;
			files = (
			);
			runOnlyForDeploymentPostprocessing = 0;
		};
/* End PBXResourcesBuildPhase section */

/* Begin PBXSourcesBuildPhase section */
		56CC6AEE257E6BF50000E125 /* Sources */ = {
			isa = PBXSourcesBuildPhase;
			buildActionMask = 2147483647;
			files = (
				56CC6AF6257E6BF50000E125 /* AppDelegate.swift in Sources */,
				56B6C3FA25811F900078F205 /* AddItemSheetView.swift in Sources */,
				56B6C3D8257E8E2C0078F205 /* ChecklistItemManager.swift in Sources */,
				56CC6B3B257E6E1A0000E125 /* ExpensesView.swift in Sources */,
				56CC6B41257E6F250000E125 /* ChecklistItem.swift in Sources */,
				56CC6AF8257E6BF50000E125 /* SceneDelegate.swift in Sources */,
				56B6C3EF257EAD7A0078F205 /* MembersView.swift in Sources */,
				56CC6AFA257E6BF50000E125 /* ContentView.swift in Sources */,
				56CC6B36257E6DA80000E125 /* HomeView.swift in Sources */,
				56CC6B31257E6CE10000E125 /* ChecklistView.swift in Sources */,
			);
			runOnlyForDeploymentPostprocessing = 0;
		};
		56CC6B04257E6BF70000E125 /* Sources */ = {
			isa = PBXSourcesBuildPhase;
			buildActionMask = 2147483647;
			files = (
				56CC6B0D257E6BF70000E125 /* BandManagerTests.swift in Sources */,
			);
			runOnlyForDeploymentPostprocessing = 0;
		};
		56CC6B0F257E6BF70000E125 /* Sources */ = {
			isa = PBXSourcesBuildPhase;
			buildActionMask = 2147483647;
			files = (
				56CC6B18257E6BF70000E125 /* BandManagerUITests.swift in Sources */,
			);
			runOnlyForDeploymentPostprocessing = 0;
		};
/* End PBXSourcesBuildPhase section */

/* Begin PBXTargetDependency section */
		56CC6B0A257E6BF70000E125 /* PBXTargetDependency */ = {
			isa = PBXTargetDependency;
			target = 56CC6AF1257E6BF50000E125 /* BandManager */;
			targetProxy = 56CC6B09257E6BF70000E125 /* PBXContainerItemProxy */;
		};
		56CC6B15257E6BF70000E125 /* PBXTargetDependency */ = {
			isa = PBXTargetDependency;
			target = 56CC6AF1257E6BF50000E125 /* BandManager */;
			targetProxy = 56CC6B14257E6BF70000E125 /* PBXContainerItemProxy */;
		};
/* End PBXTargetDependency section */

/* Begin PBXVariantGroup section */
		56CC6B00257E6BF70000E125 /* LaunchScreen.storyboard */ = {
			isa = PBXVariantGroup;
			children = (
				56CC6B01257E6BF70000E125 /* Base */,
			);
			name = LaunchScreen.storyboard;
			sourceTree = "<group>";
		};
/* End PBXVariantGroup section */

/* Begin XCBuildConfiguration section */
		56CC6B1A257E6BF70000E125 /* Debug */ = {
			isa = XCBuildConfiguration;
			buildSettings = {
				ALWAYS_SEARCH_USER_PATHS = NO;
				CLANG_ANALYZER_NONNULL = YES;
				CLANG_ANALYZER_NUMBER_OBJECT_CONVERSION = YES_AGGRESSIVE;
				CLANG_CXX_LANGUAGE_STANDARD = "gnu++14";
				CLANG_CXX_LIBRARY = "libc++";
				CLANG_ENABLE_MODULES = YES;
				CLANG_ENABLE_OBJC_ARC = YES;
				CLANG_ENABLE_OBJC_WEAK = YES;
				CLANG_WARN_BLOCK_CAPTURE_AUTORELEASING = YES;
				CLANG_WARN_BOOL_CONVERSION = YES;
				CLANG_WARN_COMMA = YES;
				CLANG_WARN_CONSTANT_CONVERSION = YES;
				CLANG_WARN_DEPRECATED_OBJC_IMPLEMENTATIONS = YES;
				CLANG_WARN_DIRECT_OBJC_ISA_USAGE = YES_ERROR;
				CLANG_WARN_DOCUMENTATION_COMMENTS = YES;
				CLANG_WARN_EMPTY_BODY = YES;
				CLANG_WARN_ENUM_CONVERSION = YES;
				CLANG_WARN_INFINITE_RECURSION = YES;
				CLANG_WARN_INT_CONVERSION = YES;
				CLANG_WARN_NON_LITERAL_NULL_CONVERSION = YES;
				CLANG_WARN_OBJC_IMPLICIT_RETAIN_SELF = YES;
				CLANG_WARN_OBJC_LITERAL_CONVERSION = YES;
				CLANG_WARN_OBJC_ROOT_CLASS = YES_ERROR;
				CLANG_WARN_QUOTED_INCLUDE_IN_FRAMEWORK_HEADER = YES;
				CLANG_WARN_RANGE_LOOP_ANALYSIS = YES;
				CLANG_WARN_STRICT_PROTOTYPES = YES;
				CLANG_WARN_SUSPICIOUS_MOVE = YES;
				CLANG_WARN_UNGUARDED_AVAILABILITY = YES_AGGRESSIVE;
				CLANG_WARN_UNREACHABLE_CODE = YES;
				CLANG_WARN__DUPLICATE_METHOD_MATCH = YES;
				COPY_PHASE_STRIP = NO;
				DEBUG_INFORMATION_FORMAT = dwarf;
				ENABLE_STRICT_OBJC_MSGSEND = YES;
				ENABLE_TESTABILITY = YES;
				GCC_C_LANGUAGE_STANDARD = gnu11;
				GCC_DYNAMIC_NO_PIC = NO;
				GCC_NO_COMMON_BLOCKS = YES;
				GCC_OPTIMIZATION_LEVEL = 0;
				GCC_PREPROCESSOR_DEFINITIONS = (
					"DEBUG=1",
					"$(inherited)",
				);
				GCC_WARN_64_TO_32_BIT_CONVERSION = YES;
				GCC_WARN_ABOUT_RETURN_TYPE = YES_ERROR;
				GCC_WARN_UNDECLARED_SELECTOR = YES;
				GCC_WARN_UNINITIALIZED_AUTOS = YES_AGGRESSIVE;
				GCC_WARN_UNUSED_FUNCTION = YES;
				GCC_WARN_UNUSED_VARIABLE = YES;
				IPHONEOS_DEPLOYMENT_TARGET = 14.1;
				MTL_ENABLE_DEBUG_INFO = INCLUDE_SOURCE;
				MTL_FAST_MATH = YES;
				ONLY_ACTIVE_ARCH = YES;
				SDKROOT = iphoneos;
				SWIFT_ACTIVE_COMPILATION_CONDITIONS = DEBUG;
				SWIFT_OPTIMIZATION_LEVEL = "-Onone";
			};
			name = Debug;
		};
		56CC6B1B257E6BF70000E125 /* Release */ = {
			isa = XCBuildConfiguration;
			buildSettings = {
				ALWAYS_SEARCH_USER_PATHS = NO;
				CLANG_ANALYZER_NONNULL = YES;
				CLANG_ANALYZER_NUMBER_OBJECT_CONVERSION = YES_AGGRESSIVE;
				CLANG_CXX_LANGUAGE_STANDARD = "gnu++14";
				CLANG_CXX_LIBRARY = "libc++";
				CLANG_ENABLE_MODULES = YES;
				CLANG_ENABLE_OBJC_ARC = YES;
				CLANG_ENABLE_OBJC_WEAK = YES;
				CLANG_WARN_BLOCK_CAPTURE_AUTORELEASING = YES;
				CLANG_WARN_BOOL_CONVERSION = YES;
				CLANG_WARN_COMMA = YES;
				CLANG_WARN_CONSTANT_CONVERSION = YES;
				CLANG_WARN_DEPRECATED_OBJC_IMPLEMENTATIONS = YES;
				CLANG_WARN_DIRECT_OBJC_ISA_USAGE = YES_ERROR;
				CLANG_WARN_DOCUMENTATION_COMMENTS = YES;
				CLANG_WARN_EMPTY_BODY = YES;
				CLANG_WARN_ENUM_CONVERSION = YES;
				CLANG_WARN_INFINITE_RECURSION = YES;
				CLANG_WARN_INT_CONVERSION = YES;
				CLANG_WARN_NON_LITERAL_NULL_CONVERSION = YES;
				CLANG_WARN_OBJC_IMPLICIT_RETAIN_SELF = YES;
				CLANG_WARN_OBJC_LITERAL_CONVERSION = YES;
				CLANG_WARN_OBJC_ROOT_CLASS = YES_ERROR;
				CLANG_WARN_QUOTED_INCLUDE_IN_FRAMEWORK_HEADER = YES;
				CLANG_WARN_RANGE_LOOP_ANALYSIS = YES;
				CLANG_WARN_STRICT_PROTOTYPES = YES;
				CLANG_WARN_SUSPICIOUS_MOVE = YES;
				CLANG_WARN_UNGUARDED_AVAILABILITY = YES_AGGRESSIVE;
				CLANG_WARN_UNREACHABLE_CODE = YES;
				CLANG_WARN__DUPLICATE_METHOD_MATCH = YES;
				COPY_PHASE_STRIP = NO;
				DEBUG_INFORMATION_FORMAT = "dwarf-with-dsym";
				ENABLE_NS_ASSERTIONS = NO;
				ENABLE_STRICT_OBJC_MSGSEND = YES;
				GCC_C_LANGUAGE_STANDARD = gnu11;
				GCC_NO_COMMON_BLOCKS = YES;
				GCC_WARN_64_TO_32_BIT_CONVERSION = YES;
				GCC_WARN_ABOUT_RETURN_TYPE = YES_ERROR;
				GCC_WARN_UNDECLARED_SELECTOR = YES;
				GCC_WARN_UNINITIALIZED_AUTOS = YES_AGGRESSIVE;
				GCC_WARN_UNUSED_FUNCTION = YES;
				GCC_WARN_UNUSED_VARIABLE = YES;
				IPHONEOS_DEPLOYMENT_TARGET = 14.1;
				MTL_ENABLE_DEBUG_INFO = NO;
				MTL_FAST_MATH = YES;
				SDKROOT = iphoneos;
				SWIFT_COMPILATION_MODE = wholemodule;
				SWIFT_OPTIMIZATION_LEVEL = "-O";
				VALIDATE_PRODUCT = YES;
			};
			name = Release;
		};
		56CC6B1D257E6BF70000E125 /* Debug */ = {
			isa = XCBuildConfiguration;
			buildSettings = {
				ASSETCATALOG_COMPILER_APPICON_NAME = AppIcon;
				ASSETCATALOG_COMPILER_GLOBAL_ACCENT_COLOR_NAME = AccentColor;
				CODE_SIGN_STYLE = Automatic;
				DEVELOPMENT_ASSET_PATHS = "\"BandManager/Preview Content\"";
				DEVELOPMENT_TEAM = 7HLAF6K485;
				ENABLE_PREVIEWS = YES;
				INFOPLIST_FILE = BandManager/Info.plist;
				LD_RUNPATH_SEARCH_PATHS = (
					"$(inherited)",
					"@executable_path/Frameworks",
				);
				PRODUCT_BUNDLE_IDENTIFIER = com.BandManager;
				PRODUCT_NAME = "$(TARGET_NAME)";
				SWIFT_VERSION = 5.0;
				TARGETED_DEVICE_FAMILY = "1,2";
			};
			name = Debug;
		};
		56CC6B1E257E6BF70000E125 /* Release */ = {
			isa = XCBuildConfiguration;
			buildSettings = {
				ASSETCATALOG_COMPILER_APPICON_NAME = AppIcon;
				ASSETCATALOG_COMPILER_GLOBAL_ACCENT_COLOR_NAME = AccentColor;
				CODE_SIGN_STYLE = Automatic;
				DEVELOPMENT_ASSET_PATHS = "\"BandManager/Preview Content\"";
				DEVELOPMENT_TEAM = 7HLAF6K485;
				ENABLE_PREVIEWS = YES;
				INFOPLIST_FILE = BandManager/Info.plist;
				LD_RUNPATH_SEARCH_PATHS = (
					"$(inherited)",
					"@executable_path/Frameworks",
				);
				PRODUCT_BUNDLE_IDENTIFIER = com.BandManager;
				PRODUCT_NAME = "$(TARGET_NAME)";
				SWIFT_VERSION = 5.0;
				TARGETED_DEVICE_FAMILY = "1,2";
			};
			name = Release;
		};
		56CC6B20257E6BF70000E125 /* Debug */ = {
			isa = XCBuildConfiguration;
			buildSettings = {
				ALWAYS_EMBED_SWIFT_STANDARD_LIBRARIES = YES;
				BUNDLE_LOADER = "$(TEST_HOST)";
				CODE_SIGN_STYLE = Automatic;
				DEVELOPMENT_TEAM = 7HLAF6K485;
				INFOPLIST_FILE = BandManagerTests/Info.plist;
				IPHONEOS_DEPLOYMENT_TARGET = 14.1;
				LD_RUNPATH_SEARCH_PATHS = (
					"$(inherited)",
					"@executable_path/Frameworks",
					"@loader_path/Frameworks",
				);
				PRODUCT_BUNDLE_IDENTIFIER = com.BandManagerTests;
				PRODUCT_NAME = "$(TARGET_NAME)";
				SWIFT_VERSION = 5.0;
				TARGETED_DEVICE_FAMILY = "1,2";
				TEST_HOST = "$(BUILT_PRODUCTS_DIR)/BandManager.app/BandManager";
			};
			name = Debug;
		};
		56CC6B21257E6BF70000E125 /* Release */ = {
			isa = XCBuildConfiguration;
			buildSettings = {
				ALWAYS_EMBED_SWIFT_STANDARD_LIBRARIES = YES;
				BUNDLE_LOADER = "$(TEST_HOST)";
				CODE_SIGN_STYLE = Automatic;
				DEVELOPMENT_TEAM = 7HLAF6K485;
				INFOPLIST_FILE = BandManagerTests/Info.plist;
				IPHONEOS_DEPLOYMENT_TARGET = 14.1;
				LD_RUNPATH_SEARCH_PATHS = (
					"$(inherited)",
					"@executable_path/Frameworks",
					"@loader_path/Frameworks",
				);
				PRODUCT_BUNDLE_IDENTIFIER = com.BandManagerTests;
				PRODUCT_NAME = "$(TARGET_NAME)";
				SWIFT_VERSION = 5.0;
				TARGETED_DEVICE_FAMILY = "1,2";
				TEST_HOST = "$(BUILT_PRODUCTS_DIR)/BandManager.app/BandManager";
			};
			name = Release;
		};
		56CC6B23257E6BF70000E125 /* Debug */ = {
			isa = XCBuildConfiguration;
			buildSettings = {
				ALWAYS_EMBED_SWIFT_STANDARD_LIBRARIES = YES;
				CODE_SIGN_STYLE = Automatic;
				DEVELOPMENT_TEAM = 7HLAF6K485;
				INFOPLIST_FILE = BandManagerUITests/Info.plist;
				LD_RUNPATH_SEARCH_PATHS = (
					"$(inherited)",
					"@executable_path/Frameworks",
					"@loader_path/Frameworks",
				);
				PRODUCT_BUNDLE_IDENTIFIER = com.BandManagerUITests;
				PRODUCT_NAME = "$(TARGET_NAME)";
				SWIFT_VERSION = 5.0;
				TARGETED_DEVICE_FAMILY = "1,2";
				TEST_TARGET_NAME = BandManager;
			};
			name = Debug;
		};
		56CC6B24257E6BF70000E125 /* Release */ = {
			isa = XCBuildConfiguration;
			buildSettings = {
				ALWAYS_EMBED_SWIFT_STANDARD_LIBRARIES = YES;
				CODE_SIGN_STYLE = Automatic;
				DEVELOPMENT_TEAM = 7HLAF6K485;
				INFOPLIST_FILE = BandManagerUITests/Info.plist;
				LD_RUNPATH_SEARCH_PATHS = (
					"$(inherited)",
					"@executable_path/Frameworks",
					"@loader_path/Frameworks",
				);
				PRODUCT_BUNDLE_IDENTIFIER = com.BandManagerUITests;
				PRODUCT_NAME = "$(TARGET_NAME)";
				SWIFT_VERSION = 5.0;
				TARGETED_DEVICE_FAMILY = "1,2";
				TEST_TARGET_NAME = BandManager;
			};
			name = Release;
		};
/* End XCBuildConfiguration section */

/* Begin XCConfigurationList section */
		56CC6AED257E6BF50000E125 /* Build configuration list for PBXProject "BandManager" */ = {
			isa = XCConfigurationList;
			buildConfigurations = (
				56CC6B1A257E6BF70000E125 /* Debug */,
				56CC6B1B257E6BF70000E125 /* Release */,
			);
			defaultConfigurationIsVisible = 0;
			defaultConfigurationName = Release;
		};
		56CC6B1C257E6BF70000E125 /* Build configuration list for PBXNativeTarget "BandManager" */ = {
			isa = XCConfigurationList;
			buildConfigurations = (
				56CC6B1D257E6BF70000E125 /* Debug */,
				56CC6B1E257E6BF70000E125 /* Release */,
			);
			defaultConfigurationIsVisible = 0;
			defaultConfigurationName = Release;
		};
		56CC6B1F257E6BF70000E125 /* Build configuration list for PBXNativeTarget "BandManagerTests" */ = {
			isa = XCConfigurationList;
			buildConfigurations = (
				56CC6B20257E6BF70000E125 /* Debug */,
				56CC6B21257E6BF70000E125 /* Release */,
			);
			defaultConfigurationIsVisible = 0;
			defaultConfigurationName = Release;
		};
		56CC6B22257E6BF70000E125 /* Build configuration list for PBXNativeTarget "BandManagerUITests" */ = {
			isa = XCConfigurationList;
			buildConfigurations = (
				56CC6B23257E6BF70000E125 /* Debug */,
				56CC6B24257E6BF70000E125 /* Release */,
			);
			defaultConfigurationIsVisible = 0;
			defaultConfigurationName = Release;
		};
/* End XCConfigurationList section */
	};
	rootObject = 56CC6AEA257E6BF50000E125 /* Project object */;
}
